
Microsoft Visual Studio Solution File, Format Version 12.00
Project("{FAE04EC0-301F-11D3-BF4B-00C04F79EFBC}") = "ClassSaver", "ClassSaver.csproj", "{764C6955-39C7-447A-9CC0-FB02AA0F2388}"
EndProject
Global
	GlobalSection(SolutionConfigurationPlatforms) = preSolution
		Debug|Any CPU = Debug|Any CPU
		Release|Any CPU = Release|Any CPU
	EndGlobalSection
	GlobalSection(ProjectConfigurationPlatforms) = postSolution
		{764C6955-39C7-447A-9CC0-FB02AA0F2388}.Debug|Any CPU.ActiveCfg = Debug|Any CPU
		{764C6955-39C7-447A-9CC0-FB02AA0F2388}.Debug|Any CPU.Build.0 = Debug|Any CPU
		{764C6955-39C7-447A-9CC0-FB02AA0F2388}.Release|Any CPU.ActiveCfg = Release|Any CPU
		{764C6955-39C7-447A-9CC0-FB02AA0F2388}.Release|Any CPU.Build.0 = Release|Any CPU
	EndGlobalSection
EndGlobal
